
Microsoft Visual Studio Solution File, Format Version 12.00
# Visual Studio Version 17
VisualStudioVersion = 17.6.33801.468
MinimumVisualStudioVersion = 10.0.40219.1
Project("{FAE04EC0-301F-11D3-BF4B-00C04F79EFBC}") = "KeyValuePairAssignment", "KeyValuePairAssignment.csproj", "{FFF495E4-E1C0-407A-9684-76C8DB264F74}"
EndProject
Global
	GlobalSection(SolutionConfigurationPlatforms) = preSolution
		Debug|Any CPU = Debug|Any CPU
		Release|Any CPU = Release|Any CPU
	EndGlobalSection
	GlobalSection(ProjectConfigurationPlatforms) = postSolution
		{FFF495E4-E1C0-407A-9684-76C8DB264F74}.Debug|Any CPU.ActiveCfg = Debug|Any CPU
		{FFF495E4-E1C0-407A-9684-76C8DB264F74}.Debug|Any CPU.Build.0 = Debug|Any CPU
		{FFF495E4-E1C0-407A-9684-76C8DB264F74}.Release|Any CPU.ActiveCfg = Release|Any CPU
		{FFF495E4-E1C0-407A-9684-76C8DB264F74}.Release|Any CPU.Build.0 = Release|Any CPU
	EndGlobalSection
	GlobalSection(SolutionProperties) = preSolution
		HideSolutionNode = FALSE
	EndGlobalSection
	GlobalSection(ExtensibilityGlobals) = postSolution
		SolutionGuid = {56E2A71C-31C4-4127-B86B-59ED4A730691}
	EndGlobalSection
EndGlobal
